
Microsoft Visual Studio Solution File, Format Version 12.00
# Visual Studio Version 17
VisualStudioVersion = 17.6.33829.357
MinimumVisualStudioVersion = 10.0.40219.1
Project("{9A19103F-16F7-4668-BE54-9A1E7A4F7556}") = "AbbyWeb", "AbbyWeb\AbbyWeb.csproj", "{C2C1559D-1575-479A-918F-372498F25153}"
EndProject
Global
	GlobalSection(SolutionConfigurationPlatforms) = preSolution
		Debug|Any CPU = Debug|Any CPU
		Release|Any CPU = Release|Any CPU
	EndGlobalSection
	GlobalSection(ProjectConfigurationPlatforms) = postSolution
		{C2C1559D-1575-479A-918F-372498F25153}.Debug|Any CPU.ActiveCfg = Debug|Any CPU
		{C2C1559D-1575-479A-918F-372498F25153}.Debug|Any CPU.Build.0 = Debug|Any CPU
		{C2C1559D-1575-479A-918F-372498F25153}.Release|Any CPU.ActiveCfg = Release|Any CPU
		{C2C1559D-1575-479A-918F-372498F25153}.Release|Any CPU.Build.0 = Release|Any CPU
	EndGlobalSection
	GlobalSection(SolutionProperties) = preSolution
		HideSolutionNode = FALSE
	EndGlobalSection
	GlobalSection(ExtensibilityGlobals) = postSolution
		SolutionGuid = {C4F3A617-0BB7-46BD-8304-2031F287E095}
	EndGlobalSection
EndGlobal
